Version: 1
Pad: CORNER0                         NW PCORNER
Pad: PAD_IOVDD1                      N  PVDD2DGZ
Pad: PAD_COREVDD1                    N  PVDD1DGZ
Pad: PAD_Inst_Cahe_readAddr_ready    N
Pad: PAD_Inst_Cahe_readData_data0    N
Pad: PAD_Inst_Cahe_readData_data1    N
Pad: PAD_Inst_Cahe_readData_data2    N
Pad: PAD_Inst_Cahe_readData_data3    N
Pad: PAD_Inst_Cahe_readData_data4    N
Pad: PAD_Inst_Cahe_readData_data5    N
Pad: PAD_Inst_Cahe_readData_data6    N
Pad: PAD_Inst_Cahe_readData_data7    N
Pad: PAD_Inst_Cahe_readData_data8    N
Pad: PAD_Inst_Cahe_readData_data9    N
Pad: PAD_Inst_Cahe_readData_data10   N
Pad: PAD_Inst_Cahe_readData_data11   N
Pad: PAD_Inst_Cahe_readData_data12   N
Pad: PAD_Inst_Cahe_readData_data13   N
Pad: PAD_Inst_Cahe_readData_data14   N
Pad: PAD_Inst_Cahe_readData_data15   N
Pad: PAD_Inst_Cahe_readData_data16   N
Pad: PAD_Inst_Cahe_readData_data17   N
Pad: PAD_Inst_Cahe_readData_data18   N
Pad: PAD_Inst_Cahe_readData_data19   N
Pad: PAD_Inst_Cahe_readData_data20   N
Pad: PAD_Inst_Cahe_readData_data21   N
Pad: PAD_Inst_Cahe_readData_data22   N
Pad: PAD_Inst_Cahe_readData_data23   N
Pad: PAD_Inst_Cahe_readData_data24   N
Pad: PAD_Inst_Cahe_readData_data25   N
Pad: PAD_Inst_Cahe_readData_data26   N
Pad: PAD_Inst_Cahe_readData_data27   N
Pad: PAD_Inst_Cahe_readData_data28   N
Pad: PAD_Inst_Cahe_readData_data29   N
Pad: PAD_Inst_Cahe_readData_data30   N
Pad: PAD_Inst_Cahe_readData_data31   N
Pad: PAD_Inst_Cahe_readData_data32   N
Pad: PAD_Inst_Cahe_readData_data33   N
Pad: PAD_Inst_Cahe_readData_data34   N
Pad: PAD_Inst_Cahe_readData_data35   N
Pad: PAD_Inst_Cahe_readData_data36   N
Pad: PAD_Inst_Cahe_readData_data37   N
Pad: PAD_Inst_Cahe_readData_data38   N
Pad: PAD_Inst_Cahe_readData_data39   N
Pad: PAD_Inst_Cahe_readData_data40   N
Pad: PAD_Inst_Cahe_readData_data41   N
Pad: PAD_Inst_Cahe_readData_data42   N
Pad: PAD_Inst_Cahe_readData_data43   N
Pad: PAD_Inst_Cahe_readData_data44   N
Pad: PAD_Inst_Cahe_readData_data45   N
Pad: PAD_Inst_Cahe_readData_data46   N
Pad: PAD_Inst_Cahe_readData_data47   N
Pad: PAD_Inst_Cahe_readData_data48   N
Pad: PAD_Inst_Cahe_readData_data49   N
Pad: PAD_Inst_Cahe_readData_data50   N
Pad: PAD_Inst_Cahe_readData_data51   N
Pad: PAD_Inst_Cahe_readData_data52   N
Pad: PAD_Inst_Cahe_readData_data53   N
Pad: PAD_Inst_Cahe_readData_data54   N
Pad: PAD_Inst_Cahe_readData_data55   N
Pad: PAD_Inst_Cahe_readData_data56   N
Pad: PAD_Inst_Cahe_readData_data57   N
Pad: PAD_Inst_Cahe_readData_data58   N
Pad: PAD_Inst_Cahe_readData_data59   N
Pad: PAD_Inst_Cahe_readData_data60   N
Pad: PAD_Inst_Cahe_readData_data61   N
Pad: PAD_Inst_Cahe_readData_data62   N
Pad: PAD_Inst_Cahe_readData_data63   N
Pad: PAD_Inst_Cahe_readData_data64   N
Pad: PAD_Inst_Cahe_readData_data65   N
Pad: PAD_Inst_Cahe_readData_data66   N
Pad: PAD_Inst_Cahe_readData_data67   N
Pad: PAD_Inst_Cahe_readData_data68   N
Pad: PAD_Inst_Cahe_readData_data69   N
Pad: PAD_Inst_Cahe_readData_data70   N
Pad: PAD_Inst_Cahe_readData_data71   N
Pad: PAD_Inst_Cahe_readData_data72   N
Pad: PAD_Inst_Cahe_readData_data73   N
Pad: PAD_Inst_Cahe_readData_data74   N
Pad: PAD_Inst_Cahe_readData_data75   N
Pad: PAD_Inst_Cahe_readData_data76   N
Pad: PAD_Inst_Cahe_readData_data77   N
Pad: PAD_Inst_Cahe_readData_data78   N
Pad: PAD_Inst_Cahe_readData_data79   N
Pad: PAD_Inst_Cahe_readData_data80   N
Pad: PAD_Inst_Cahe_readData_data81   N
Pad: PAD_Inst_Cahe_readData_data82   N
Pad: PAD_Inst_Cahe_readData_data83   N
Pad: PAD_Inst_Cahe_readData_data84   N
Pad: PAD_Inst_Cahe_readData_data85   N
Pad: PAD_Inst_Cahe_readData_data86   N
Pad: PAD_Inst_Cahe_readData_data87   N
Pad: PAD_Inst_Cahe_readData_data88   N
Pad: PAD_Inst_Cahe_readData_data89   N
Pad: PAD_Inst_Cahe_readData_data90   N
Pad: PAD_Inst_Cahe_readData_data91   N
Pad: PAD_Inst_Cahe_readData_data92   N
Pad: PAD_Inst_Cahe_readData_data93   N
Pad: PAD_Inst_Cahe_readData_data94   N
Pad: PAD_Inst_Cahe_readData_data95   N
Pad: PAD_Inst_Cahe_readData_data96   N
Pad: PAD_Inst_Cahe_readData_data97   N
Pad: PAD_Inst_Cahe_readData_data98   N
Pad: PAD_Inst_Cahe_readData_data99   N
Pad: PAD_Inst_Cahe_readData_data100  N
Pad: PAD_Inst_Cahe_readData_data101  N
Pad: PAD_Inst_Cahe_readData_data102  N
Pad: PAD_Inst_Cahe_readData_data103  N
Pad: PAD_Inst_Cahe_readData_data104  N
Pad: PAD_Inst_Cahe_readData_data105  N
Pad: PAD_Inst_Cahe_readData_data106  N
Pad: PAD_Inst_Cahe_readData_data107  N
Pad: PAD_Inst_Cahe_readData_data108  N
Pad: PAD_Inst_Cahe_readData_data109  N
Pad: PAD_Inst_Cahe_readData_data110  N
Pad: PAD_Inst_Cahe_readData_data111  N
Pad: PAD_Inst_Cahe_readData_data112  N
Pad: PAD_Inst_Cahe_readData_data113  N
Pad: PAD_Inst_Cahe_readData_data114  N
Pad: PAD_Inst_Cahe_readData_data115  N
Pad: PAD_Inst_Cahe_readData_data116  N
Pad: PAD_Inst_Cahe_readData_data117  N
Pad: PAD_Inst_Cahe_readData_data118  N
Pad: PAD_Inst_Cahe_readData_data119  N
Pad: PAD_Inst_Cahe_readData_data120  N
Pad: PAD_Inst_Cahe_readData_data121  N
Pad: PAD_Inst_Cahe_readData_data122  N
Pad: PAD_Inst_Cahe_readData_data123  N
Pad: PAD_Inst_Cahe_readData_data124  N
Pad: PAD_Inst_Cahe_readData_data125  N
Pad: PAD_Inst_Cahe_readData_data126  N
Pad: PAD_Inst_Cahe_readData_data127  N
Pad: PAD_Inst_Cahe_readData_valid    N
Pad: PAD_Inst_Cahe_writeAddr_ready   N
Pad: PAD_Inst_Cahe_writeData_ready   N
Pad: PAD_Inst_Cahe_writeResp_msg0    N
Pad: PAD_Inst_Cahe_writeResp_msg1    N
Pad: PAD_Inst_Cahe_writeResp_msg2    N
Pad: PAD_Inst_Cahe_writeResp_msg3    N
Pad: PAD_Inst_Cahe_writeResp_msg4    N
Pad: PAD_Inst_Cahe_writeResp_msg5    N
Pad: PAD_Inst_Cahe_writeResp_msg6    N
Pad: PAD_Inst_Cahe_writeResp_msg7    N
Pad: PAD_Inst_Cahe_writeResp_msg8    N
Pad: PAD_Inst_Cahe_writeResp_msg9    N
Pad: PAD_Inst_Cahe_writeResp_msg10   N
Pad: PAD_Inst_Cahe_writeResp_msg11   N
Pad: PAD_Inst_Cahe_writeResp_msg12   N
Pad: PAD_Inst_Cahe_writeResp_msg13   N
Pad: PAD_Inst_Cahe_writeResp_msg14   N
Pad: PAD_Inst_Cahe_writeResp_msg15   N
Pad: PAD_Inst_Cahe_writeResp_msg16   N
Pad: PAD_Inst_Cahe_writeResp_msg17   N
Pad: PAD_Inst_Cahe_writeResp_msg18   N
Pad: PAD_Inst_Cahe_writeResp_msg19   N
Pad: PAD_Inst_Cahe_writeResp_msg20   N
Pad: PAD_Inst_Cahe_writeResp_msg21   N
Pad: PAD_Inst_Cahe_writeResp_msg22   N
Pad: PAD_Inst_Cahe_writeResp_msg23   N
Pad: PAD_Inst_Cahe_writeResp_msg24   N
Pad: PAD_Inst_Cahe_writeResp_msg25   N
Pad: PAD_Inst_Cahe_writeResp_msg26   N
Pad: PAD_Inst_Cahe_writeResp_msg27   N
Pad: PAD_Inst_Cahe_writeResp_msg28   N
Pad: PAD_Inst_Cahe_writeResp_msg29   N
Pad: PAD_Inst_Cahe_writeResp_msg30   N
Pad: PAD_Inst_Cahe_writeResp_msg31   N
Pad: PAD_Inst_Cahe_writeResp_valid   N
Pad: PAD_clk                         N
Pad: PAD_rst                         N
Pad: PAD_halt                        N
Pad: PAD_COREVSS1                    N  PVSS1DGZ
Pad: PAD_IOVSS1                      N  PVSS2DGZ

Pad: CORNER1                         NE PCORNER
Pad: PAD_IOVDD2                      E  PVDD2DGZ
Pad: PAD_COREVDD2                    E  PVDD1DGZ
Pad: PAD_Inst_Cahe_readAddr_addr0    E
Pad: PAD_Inst_Cahe_readAddr_addr1    E
Pad: PAD_Inst_Cahe_readAddr_addr2    E
Pad: PAD_Inst_Cahe_readAddr_addr3    E
Pad: PAD_Inst_Cahe_readAddr_addr4    E
Pad: PAD_Inst_Cahe_readAddr_addr5    E
Pad: PAD_Inst_Cahe_readAddr_addr6    E
Pad: PAD_Inst_Cahe_readAddr_addr7    E
Pad: PAD_Inst_Cahe_readAddr_addr8    E
Pad: PAD_Inst_Cahe_readAddr_addr9    E
Pad: PAD_Inst_Cahe_readAddr_addr10   E
Pad: PAD_Inst_Cahe_readAddr_addr11   E
Pad: PAD_Inst_Cahe_readAddr_addr12   E
Pad: PAD_Inst_Cahe_readAddr_addr13   E
Pad: PAD_Inst_Cahe_readAddr_addr14   E
Pad: PAD_Inst_Cahe_readAddr_addr15   E
Pad: PAD_Inst_Cahe_readAddr_addr16   E
Pad: PAD_Inst_Cahe_readAddr_addr17   E
Pad: PAD_Inst_Cahe_readAddr_addr18   E
Pad: PAD_Inst_Cahe_readAddr_addr19   E
Pad: PAD_Inst_Cahe_readAddr_addr20   E
Pad: PAD_Inst_Cahe_readAddr_addr21   E
Pad: PAD_Inst_Cahe_readAddr_addr22   E
Pad: PAD_Inst_Cahe_readAddr_addr23   E
Pad: PAD_Inst_Cahe_readAddr_addr24   E
Pad: PAD_Inst_Cahe_readAddr_addr25   E
Pad: PAD_Inst_Cahe_readAddr_addr26   E
Pad: PAD_Inst_Cahe_readAddr_addr27   E
Pad: PAD_Inst_Cahe_readAddr_addr28   E
Pad: PAD_Inst_Cahe_readAddr_addr29   E
Pad: PAD_Inst_Cahe_readAddr_addr30   E
Pad: PAD_Inst_Cahe_readAddr_addr31   E
Pad: PAD_Inst_Cahe_readAddr_valid    E
Pad: PAD_Inst_Cahe_readData_ready    E
Pad: PAD_Inst_Cahe_writeAddr_addr0   E
Pad: PAD_Inst_Cahe_writeAddr_addr1   E
Pad: PAD_Inst_Cahe_writeAddr_addr2   E
Pad: PAD_Inst_Cahe_writeAddr_addr3   E
Pad: PAD_Inst_Cahe_writeAddr_addr4   E
Pad: PAD_Inst_Cahe_writeAddr_addr5   E
Pad: PAD_Inst_Cahe_writeAddr_addr6   E
Pad: PAD_Inst_Cahe_writeAddr_addr7   E
Pad: PAD_Inst_Cahe_writeAddr_addr8   E
Pad: PAD_Inst_Cahe_writeAddr_addr9   E
Pad: PAD_Inst_Cahe_writeAddr_addr10  E
Pad: PAD_Inst_Cahe_writeAddr_addr11  E
Pad: PAD_Inst_Cahe_writeAddr_addr12  E
Pad: PAD_Inst_Cahe_writeAddr_addr13  E
Pad: PAD_Inst_Cahe_writeAddr_addr14  E
Pad: PAD_Inst_Cahe_writeAddr_addr15  E
Pad: PAD_Inst_Cahe_writeAddr_addr16  E
Pad: PAD_Inst_Cahe_writeAddr_addr17  E
Pad: PAD_Inst_Cahe_writeAddr_addr18  E
Pad: PAD_Inst_Cahe_writeAddr_addr19  E
Pad: PAD_Inst_Cahe_writeAddr_addr20  E
Pad: PAD_Inst_Cahe_writeAddr_addr21  E
Pad: PAD_Inst_Cahe_writeAddr_addr22  E
Pad: PAD_Inst_Cahe_writeAddr_addr23  E
Pad: PAD_Inst_Cahe_writeAddr_addr24  E
Pad: PAD_Inst_Cahe_writeAddr_addr25  E
Pad: PAD_Inst_Cahe_writeAddr_addr26  E
Pad: PAD_Inst_Cahe_writeAddr_addr27  E
Pad: PAD_Inst_Cahe_writeAddr_addr28  E
Pad: PAD_Inst_Cahe_writeAddr_addr29  E
Pad: PAD_Inst_Cahe_writeAddr_addr30  E
Pad: PAD_Inst_Cahe_writeAddr_addr31  E
Pad: PAD_Inst_Cahe_writeAddr_valid   E
Pad: PAD_Inst_Cahe_writeData_data0   E
Pad: PAD_Inst_Cahe_writeData_data1   E
Pad: PAD_Inst_Cahe_writeData_data2   E
Pad: PAD_Inst_Cahe_writeData_data3   E
Pad: PAD_Inst_Cahe_writeData_data4   E
Pad: PAD_Inst_Cahe_writeData_data5   E
Pad: PAD_Inst_Cahe_writeData_data6   E
Pad: PAD_Inst_Cahe_writeData_data7   E
Pad: PAD_Inst_Cahe_writeData_data8   E
Pad: PAD_Inst_Cahe_writeData_data9   E
Pad: PAD_Inst_Cahe_writeData_data10  E
Pad: PAD_Inst_Cahe_writeData_data11  E
Pad: PAD_Inst_Cahe_writeData_data12  E
Pad: PAD_Inst_Cahe_writeData_data13  E
Pad: PAD_Inst_Cahe_writeData_data14  E
Pad: PAD_Inst_Cahe_writeData_data15  E
Pad: PAD_Inst_Cahe_writeData_data16  E
Pad: PAD_Inst_Cahe_writeData_data17  E
Pad: PAD_Inst_Cahe_writeData_data18  E
Pad: PAD_Inst_Cahe_writeData_data19  E
Pad: PAD_Inst_Cahe_writeData_data20  E
Pad: PAD_Inst_Cahe_writeData_data21  E
Pad: PAD_Inst_Cahe_writeData_data22  E
Pad: PAD_Inst_Cahe_writeData_data23  E
Pad: PAD_Inst_Cahe_writeData_data24  E
Pad: PAD_Inst_Cahe_writeData_data25  E
Pad: PAD_Inst_Cahe_writeData_data26  E
Pad: PAD_Inst_Cahe_writeData_data27  E
Pad: PAD_Inst_Cahe_writeData_data28  E
Pad: PAD_Inst_Cahe_writeData_data29  E
Pad: PAD_Inst_Cahe_writeData_data30  E
Pad: PAD_Inst_Cahe_writeData_data31  E
Pad: PAD_Inst_Cahe_writeData_data32  E
Pad: PAD_Inst_Cahe_writeData_data33  E
Pad: PAD_Inst_Cahe_writeData_data34  E
Pad: PAD_Inst_Cahe_writeData_data35  E
Pad: PAD_Inst_Cahe_writeData_data36  E
Pad: PAD_Inst_Cahe_writeData_data37  E
Pad: PAD_Inst_Cahe_writeData_data38  E
Pad: PAD_Inst_Cahe_writeData_data39  E
Pad: PAD_Inst_Cahe_writeData_data40  E
Pad: PAD_Inst_Cahe_writeData_data41  E
Pad: PAD_Inst_Cahe_writeData_data42  E
Pad: PAD_Inst_Cahe_writeData_data43  E
Pad: PAD_Inst_Cahe_writeData_data44  E
Pad: PAD_Inst_Cahe_writeData_data45  E
Pad: PAD_Inst_Cahe_writeData_data46  E
Pad: PAD_Inst_Cahe_writeData_data47  E
Pad: PAD_Inst_Cahe_writeData_data48  E
Pad: PAD_Inst_Cahe_writeData_data49  E
Pad: PAD_Inst_Cahe_writeData_data50  E
Pad: PAD_Inst_Cahe_writeData_data51  E
Pad: PAD_Inst_Cahe_writeData_data52  E
Pad: PAD_Inst_Cahe_writeData_data53  E
Pad: PAD_Inst_Cahe_writeData_data54  E
Pad: PAD_Inst_Cahe_writeData_data55  E
Pad: PAD_Inst_Cahe_writeData_data56  E
Pad: PAD_Inst_Cahe_writeData_data57  E
Pad: PAD_Inst_Cahe_writeData_data58  E
Pad: PAD_Inst_Cahe_writeData_data59  E
Pad: PAD_Inst_Cahe_writeData_data60  E
Pad: PAD_Inst_Cahe_writeData_data61  E
Pad: PAD_Inst_Cahe_writeData_data62  E
Pad: PAD_Inst_Cahe_writeData_data63  E
Pad: PAD_Inst_Cahe_writeData_data64  E
Pad: PAD_Inst_Cahe_writeData_data65  E
Pad: PAD_Inst_Cahe_writeData_data66  E
Pad: PAD_Inst_Cahe_writeData_data67  E
Pad: PAD_Inst_Cahe_writeData_data68  E
Pad: PAD_Inst_Cahe_writeData_data69  E
Pad: PAD_Inst_Cahe_writeData_data70  E
Pad: PAD_Inst_Cahe_writeData_data71  E
Pad: PAD_Inst_Cahe_writeData_data72  E
Pad: PAD_Inst_Cahe_writeData_data73  E
Pad: PAD_Inst_Cahe_writeData_data74  E
Pad: PAD_Inst_Cahe_writeData_data75  E
Pad: PAD_Inst_Cahe_writeData_data76  E
Pad: PAD_Inst_Cahe_writeData_data77  E
Pad: PAD_Inst_Cahe_writeData_data78  E
Pad: PAD_Inst_Cahe_writeData_data79  E
Pad: PAD_Inst_Cahe_writeData_data80  E
Pad: PAD_Inst_Cahe_writeData_data81  E
Pad: PAD_Inst_Cahe_writeData_data82  E
Pad: PAD_Inst_Cahe_writeData_data83  E
Pad: PAD_Inst_Cahe_writeData_data84  E
Pad: PAD_Inst_Cahe_writeData_data85  E
Pad: PAD_Inst_Cahe_writeData_data86  E
Pad: PAD_Inst_Cahe_writeData_data87  E
Pad: PAD_Inst_Cahe_writeData_data88  E
Pad: PAD_Inst_Cahe_writeData_data89  E
Pad: PAD_Inst_Cahe_writeData_data90  E
Pad: PAD_Inst_Cahe_writeData_data91  E
Pad: PAD_Inst_Cahe_writeData_data92  E
Pad: PAD_Inst_Cahe_writeData_data93  E
Pad: PAD_Inst_Cahe_writeData_data94  E
Pad: PAD_Inst_Cahe_writeData_data95  E
Pad: PAD_Inst_Cahe_writeData_data96  E
Pad: PAD_Inst_Cahe_writeData_data97  E
Pad: PAD_Inst_Cahe_writeData_data98  E
Pad: PAD_Inst_Cahe_writeData_data99  E
Pad: PAD_Inst_Cahe_writeData_data100 E
Pad: PAD_Inst_Cahe_writeData_data101 E
Pad: PAD_Inst_Cahe_writeData_data102 E
Pad: PAD_Inst_Cahe_writeData_data103 E
Pad: PAD_Inst_Cahe_writeData_data104 E
Pad: PAD_Inst_Cahe_writeData_data105 E
Pad: PAD_Inst_Cahe_writeData_data106 E
Pad: PAD_Inst_Cahe_writeData_data107 E
Pad: PAD_Inst_Cahe_writeData_data108 E
Pad: PAD_Inst_Cahe_writeData_data109 E
Pad: PAD_Inst_Cahe_writeData_data110 E
Pad: PAD_Inst_Cahe_writeData_data111 E
Pad: PAD_Inst_Cahe_writeData_data112 E
Pad: PAD_Inst_Cahe_writeData_data113 E
Pad: PAD_Inst_Cahe_writeData_data114 E
Pad: PAD_Inst_Cahe_writeData_data115 E
Pad: PAD_Inst_Cahe_writeData_data116 E
Pad: PAD_Inst_Cahe_writeData_data117 E
Pad: PAD_Inst_Cahe_writeData_data118 E
Pad: PAD_Inst_Cahe_writeData_data119 E
Pad: PAD_Inst_Cahe_writeData_data120 E
Pad: PAD_Inst_Cahe_writeData_data121 E
Pad: PAD_Inst_Cahe_writeData_data122 E
Pad: PAD_Inst_Cahe_writeData_data123 E
Pad: PAD_Inst_Cahe_writeData_data124 E
Pad: PAD_Inst_Cahe_writeData_data125 E
Pad: PAD_Inst_Cahe_writeData_data126 E
Pad: PAD_Inst_Cahe_writeData_data127 E
Pad: PAD_Inst_Cahe_writeData_strb0   E
Pad: PAD_Inst_Cahe_writeData_strb1   E
Pad: PAD_Inst_Cahe_writeData_strb2   E
Pad: PAD_Inst_Cahe_writeData_strb3   E
Pad: PAD_Inst_Cahe_writeData_strb4   E
Pad: PAD_Inst_Cahe_writeData_strb5   E
Pad: PAD_Inst_Cahe_writeData_strb6   E
Pad: PAD_Inst_Cahe_writeData_strb7   E
Pad: PAD_Inst_Cahe_writeData_strb8   E
Pad: PAD_Inst_Cahe_writeData_strb9   E
Pad: PAD_Inst_Cahe_writeData_strb10  E
Pad: PAD_Inst_Cahe_writeData_strb11  E
Pad: PAD_Inst_Cahe_writeData_strb12  E
Pad: PAD_Inst_Cahe_writeData_strb13  E
Pad: PAD_Inst_Cahe_writeData_strb14  E
Pad: PAD_Inst_Cahe_writeData_strb15  E
Pad: PAD_Inst_Cahe_writeData_valid   E
Pad: PAD_Inst_Cahe_writeResp_ready   E
Pad: PAD_COREVSS2                    E  PVSS1DGZ
Pad: PAD_IOVSS2                      E  PVSS2DGZ

Pad: CORNER2                         SE PCORNER
Pad: PAD_IOVDD3                      S  PVDD2DGZ
Pad: PAD_CORNERVDD3                  S  PVDD1DGZ
Pad: PAD_Data_Cahe_readAddr_ready    S
Pad: PAD_Data_Cahe_readData_data0    S
Pad: PAD_Data_Cahe_readData_data1    S
Pad: PAD_Data_Cahe_readData_data2    S
Pad: PAD_Data_Cahe_readData_data3    S
Pad: PAD_Data_Cahe_readData_data4    S
Pad: PAD_Data_Cahe_readData_data5    S
Pad: PAD_Data_Cahe_readData_data6    S
Pad: PAD_Data_Cahe_readData_data7    S
Pad: PAD_Data_Cahe_readData_data8    S
Pad: PAD_Data_Cahe_readData_data9    S
Pad: PAD_Data_Cahe_readData_data10   S
Pad: PAD_Data_Cahe_readData_data11   S
Pad: PAD_Data_Cahe_readData_data12   S
Pad: PAD_Data_Cahe_readData_data13   S
Pad: PAD_Data_Cahe_readData_data14   S
Pad: PAD_Data_Cahe_readData_data15   S
Pad: PAD_Data_Cahe_readData_data16   S
Pad: PAD_Data_Cahe_readData_data17   S
Pad: PAD_Data_Cahe_readData_data18   S
Pad: PAD_Data_Cahe_readData_data19   S
Pad: PAD_Data_Cahe_readData_data20   S
Pad: PAD_Data_Cahe_readData_data21   S
Pad: PAD_Data_Cahe_readData_data22   S
Pad: PAD_Data_Cahe_readData_data23   S
Pad: PAD_Data_Cahe_readData_data24   S
Pad: PAD_Data_Cahe_readData_data25   S
Pad: PAD_Data_Cahe_readData_data26   S
Pad: PAD_Data_Cahe_readData_data27   S
Pad: PAD_Data_Cahe_readData_data28   S
Pad: PAD_Data_Cahe_readData_data29   S
Pad: PAD_Data_Cahe_readData_data30   S
Pad: PAD_Data_Cahe_readData_data31   S
Pad: PAD_Data_Cahe_readData_data32   S
Pad: PAD_Data_Cahe_readData_data33   S
Pad: PAD_Data_Cahe_readData_data34   S
Pad: PAD_Data_Cahe_readData_data35   S
Pad: PAD_Data_Cahe_readData_data36   S
Pad: PAD_Data_Cahe_readData_data37   S
Pad: PAD_Data_Cahe_readData_data38   S
Pad: PAD_Data_Cahe_readData_data39   S
Pad: PAD_Data_Cahe_readData_data40   S
Pad: PAD_Data_Cahe_readData_data41   S
Pad: PAD_Data_Cahe_readData_data42   S
Pad: PAD_Data_Cahe_readData_data43   S
Pad: PAD_Data_Cahe_readData_data44   S
Pad: PAD_Data_Cahe_readData_data45   S
Pad: PAD_Data_Cahe_readData_data46   S
Pad: PAD_Data_Cahe_readData_data47   S
Pad: PAD_Data_Cahe_readData_data48   S
Pad: PAD_Data_Cahe_readData_data49   S
Pad: PAD_Data_Cahe_readData_data50   S
Pad: PAD_Data_Cahe_readData_data51   S
Pad: PAD_Data_Cahe_readData_data52   S
Pad: PAD_Data_Cahe_readData_data53   S
Pad: PAD_Data_Cahe_readData_data54   S
Pad: PAD_Data_Cahe_readData_data55   S
Pad: PAD_Data_Cahe_readData_data56   S
Pad: PAD_Data_Cahe_readData_data57   S
Pad: PAD_Data_Cahe_readData_data58   S
Pad: PAD_Data_Cahe_readData_data59   S
Pad: PAD_Data_Cahe_readData_data60   S
Pad: PAD_Data_Cahe_readData_data61   S
Pad: PAD_Data_Cahe_readData_data62   S
Pad: PAD_Data_Cahe_readData_data63   S
Pad: PAD_Data_Cahe_readData_data64   S
Pad: PAD_Data_Cahe_readData_data65   S
Pad: PAD_Data_Cahe_readData_data66   S
Pad: PAD_Data_Cahe_readData_data67   S
Pad: PAD_Data_Cahe_readData_data68   S
Pad: PAD_Data_Cahe_readData_data69   S
Pad: PAD_Data_Cahe_readData_data70   S
Pad: PAD_Data_Cahe_readData_data71   S
Pad: PAD_Data_Cahe_readData_data72   S
Pad: PAD_Data_Cahe_readData_data73   S
Pad: PAD_Data_Cahe_readData_data74   S
Pad: PAD_Data_Cahe_readData_data75   S
Pad: PAD_Data_Cahe_readData_data76   S
Pad: PAD_Data_Cahe_readData_data77   S
Pad: PAD_Data_Cahe_readData_data78   S
Pad: PAD_Data_Cahe_readData_data79   S
Pad: PAD_Data_Cahe_readData_data80   S
Pad: PAD_Data_Cahe_readData_data81   S
Pad: PAD_Data_Cahe_readData_data82   S
Pad: PAD_Data_Cahe_readData_data83   S
Pad: PAD_Data_Cahe_readData_data84   S
Pad: PAD_Data_Cahe_readData_data85   S
Pad: PAD_Data_Cahe_readData_data86   S
Pad: PAD_Data_Cahe_readData_data87   S
Pad: PAD_Data_Cahe_readData_data88   S
Pad: PAD_Data_Cahe_readData_data89   S
Pad: PAD_Data_Cahe_readData_data90   S
Pad: PAD_Data_Cahe_readData_data91   S
Pad: PAD_Data_Cahe_readData_data92   S
Pad: PAD_Data_Cahe_readData_data93   S
Pad: PAD_Data_Cahe_readData_data94   S
Pad: PAD_Data_Cahe_readData_data95   S
Pad: PAD_Data_Cahe_readData_data96   S
Pad: PAD_Data_Cahe_readData_data97   S
Pad: PAD_Data_Cahe_readData_data98   S
Pad: PAD_Data_Cahe_readData_data99   S
Pad: PAD_Data_Cahe_readData_data100  S
Pad: PAD_Data_Cahe_readData_data101  S
Pad: PAD_Data_Cahe_readData_data102  S
Pad: PAD_Data_Cahe_readData_data103  S
Pad: PAD_Data_Cahe_readData_data104  S
Pad: PAD_Data_Cahe_readData_data105  S
Pad: PAD_Data_Cahe_readData_data106  S
Pad: PAD_Data_Cahe_readData_data107  S
Pad: PAD_Data_Cahe_readData_data108  S
Pad: PAD_Data_Cahe_readData_data109  S
Pad: PAD_Data_Cahe_readData_data110  S
Pad: PAD_Data_Cahe_readData_data111  S
Pad: PAD_Data_Cahe_readData_data112  S
Pad: PAD_Data_Cahe_readData_data113  S
Pad: PAD_Data_Cahe_readData_data114  S
Pad: PAD_Data_Cahe_readData_data115  S
Pad: PAD_Data_Cahe_readData_data116  S
Pad: PAD_Data_Cahe_readData_data117  S
Pad: PAD_Data_Cahe_readData_data118  S
Pad: PAD_Data_Cahe_readData_data119  S
Pad: PAD_Data_Cahe_readData_data120  S
Pad: PAD_Data_Cahe_readData_data121  S
Pad: PAD_Data_Cahe_readData_data122  S
Pad: PAD_Data_Cahe_readData_data123  S
Pad: PAD_Data_Cahe_readData_data124  S
Pad: PAD_Data_Cahe_readData_data125  S
Pad: PAD_Data_Cahe_readData_data126  S
Pad: PAD_Data_Cahe_readData_data127  S
Pad: PAD_Data_Cahe_readData_valid    S
Pad: PAD_Data_Cahe_writeAddr_ready   S
Pad: PAD_Data_Cahe_writeData_ready   S
Pad: PAD_Data_Cahe_writeResp_msg0    S
Pad: PAD_Data_Cahe_writeResp_msg1    S
Pad: PAD_Data_Cahe_writeResp_msg2    S
Pad: PAD_Data_Cahe_writeResp_msg3    S
Pad: PAD_Data_Cahe_writeResp_msg4    S
Pad: PAD_Data_Cahe_writeResp_msg5    S
Pad: PAD_Data_Cahe_writeResp_msg6    S
Pad: PAD_Data_Cahe_writeResp_msg7    S
Pad: PAD_Data_Cahe_writeResp_msg8    S
Pad: PAD_Data_Cahe_writeResp_msg9    S
Pad: PAD_Data_Cahe_writeResp_msg10   S
Pad: PAD_Data_Cahe_writeResp_msg11   S
Pad: PAD_Data_Cahe_writeResp_msg12   S
Pad: PAD_Data_Cahe_writeResp_msg13   S
Pad: PAD_Data_Cahe_writeResp_msg14   S
Pad: PAD_Data_Cahe_writeResp_msg15   S
Pad: PAD_Data_Cahe_writeResp_msg16   S
Pad: PAD_Data_Cahe_writeResp_msg17   S
Pad: PAD_Data_Cahe_writeResp_msg18   S
Pad: PAD_Data_Cahe_writeResp_msg19   S
Pad: PAD_Data_Cahe_writeResp_msg20   S
Pad: PAD_Data_Cahe_writeResp_msg21   S
Pad: PAD_Data_Cahe_writeResp_msg22   S
Pad: PAD_Data_Cahe_writeResp_msg23   S
Pad: PAD_Data_Cahe_writeResp_msg24   S
Pad: PAD_Data_Cahe_writeResp_msg25   S
Pad: PAD_Data_Cahe_writeResp_msg26   S
Pad: PAD_Data_Cahe_writeResp_msg27   S
Pad: PAD_Data_Cahe_writeResp_msg28   S
Pad: PAD_Data_Cahe_writeResp_msg29   S
Pad: PAD_Data_Cahe_writeResp_msg30   S
Pad: PAD_Data_Cahe_writeResp_msg31   S
Pad: PAD_Data_Cahe_writeResp_valid   S
Pad: PAD_COREVSS3                    S  PVSS1DGZ
Pad: PAD_IOVSS3                      S  PVSS2DGZ

Pad: CORNER3                         SW PCORNER
Pad: PAD_IOVDD4                      W  PVDD2DGZ
Pad: PAD_COREVDD4                    W  PVDD1DGZ
Pad: PAD_Data_Cahe_readAddr_addr0    W
Pad: PAD_Data_Cahe_readAddr_addr1    W
Pad: PAD_Data_Cahe_readAddr_addr2    W
Pad: PAD_Data_Cahe_readAddr_addr3    W
Pad: PAD_Data_Cahe_readAddr_addr4    W
Pad: PAD_Data_Cahe_readAddr_addr5    W
Pad: PAD_Data_Cahe_readAddr_addr6    W
Pad: PAD_Data_Cahe_readAddr_addr7    W
Pad: PAD_Data_Cahe_readAddr_addr8    W
Pad: PAD_Data_Cahe_readAddr_addr9    W
Pad: PAD_Data_Cahe_readAddr_addr10   W
Pad: PAD_Data_Cahe_readAddr_addr11   W
Pad: PAD_Data_Cahe_readAddr_addr12   W
Pad: PAD_Data_Cahe_readAddr_addr13   W
Pad: PAD_Data_Cahe_readAddr_addr14   W
Pad: PAD_Data_Cahe_readAddr_addr15   W
Pad: PAD_Data_Cahe_readAddr_addr16   W
Pad: PAD_Data_Cahe_readAddr_addr17   W
Pad: PAD_Data_Cahe_readAddr_addr18   W
Pad: PAD_Data_Cahe_readAddr_addr19   W
Pad: PAD_Data_Cahe_readAddr_addr20   W
Pad: PAD_Data_Cahe_readAddr_addr21   W
Pad: PAD_Data_Cahe_readAddr_addr22   W
Pad: PAD_Data_Cahe_readAddr_addr23   W
Pad: PAD_Data_Cahe_readAddr_addr24   W
Pad: PAD_Data_Cahe_readAddr_addr25   W
Pad: PAD_Data_Cahe_readAddr_addr26   W
Pad: PAD_Data_Cahe_readAddr_addr27   W
Pad: PAD_Data_Cahe_readAddr_addr28   W
Pad: PAD_Data_Cahe_readAddr_addr29   W
Pad: PAD_Data_Cahe_readAddr_addr30   W
Pad: PAD_Data_Cahe_readAddr_addr31   W
Pad: PAD_Data_Cahe_readAddr_valid    W
Pad: PAD_Data_Cahe_readData_ready    W
Pad: PAD_Data_Cahe_writeAddr_addr0   W
Pad: PAD_Data_Cahe_writeAddr_addr1   W
Pad: PAD_Data_Cahe_writeAddr_addr2   W
Pad: PAD_Data_Cahe_writeAddr_addr3   W
Pad: PAD_Data_Cahe_writeAddr_addr4   W
Pad: PAD_Data_Cahe_writeAddr_addr5   W
Pad: PAD_Data_Cahe_writeAddr_addr6   W
Pad: PAD_Data_Cahe_writeAddr_addr7   W
Pad: PAD_Data_Cahe_writeAddr_addr8   W
Pad: PAD_Data_Cahe_writeAddr_addr9   W
Pad: PAD_Data_Cahe_writeAddr_addr10  W
Pad: PAD_Data_Cahe_writeAddr_addr11  W
Pad: PAD_Data_Cahe_writeAddr_addr12  W
Pad: PAD_Data_Cahe_writeAddr_addr13  W
Pad: PAD_Data_Cahe_writeAddr_addr14  W
Pad: PAD_Data_Cahe_writeAddr_addr15  W
Pad: PAD_Data_Cahe_writeAddr_addr16  W
Pad: PAD_Data_Cahe_writeAddr_addr17  W
Pad: PAD_Data_Cahe_writeAddr_addr18  W
Pad: PAD_Data_Cahe_writeAddr_addr19  W
Pad: PAD_Data_Cahe_writeAddr_addr20  W
Pad: PAD_Data_Cahe_writeAddr_addr21  W
Pad: PAD_Data_Cahe_writeAddr_addr22  W
Pad: PAD_Data_Cahe_writeAddr_addr23  W
Pad: PAD_Data_Cahe_writeAddr_addr24  W
Pad: PAD_Data_Cahe_writeAddr_addr25  W
Pad: PAD_Data_Cahe_writeAddr_addr26  W
Pad: PAD_Data_Cahe_writeAddr_addr27  W
Pad: PAD_Data_Cahe_writeAddr_addr28  W
Pad: PAD_Data_Cahe_writeAddr_addr29  W
Pad: PAD_Data_Cahe_writeAddr_addr30  W
Pad: PAD_Data_Cahe_writeAddr_addr31  W
Pad: PAD_Data_Cahe_writeAddr_valid   W
Pad: PAD_Data_Cahe_writeData_data0   W
Pad: PAD_Data_Cahe_writeData_data1   W
Pad: PAD_Data_Cahe_writeData_data2   W
Pad: PAD_Data_Cahe_writeData_data3   W
Pad: PAD_Data_Cahe_writeData_data4   W
Pad: PAD_Data_Cahe_writeData_data5   W
Pad: PAD_Data_Cahe_writeData_data6   W
Pad: PAD_Data_Cahe_writeData_data7   W
Pad: PAD_Data_Cahe_writeData_data8   W
Pad: PAD_Data_Cahe_writeData_data9   W
Pad: PAD_Data_Cahe_writeData_data10  W
Pad: PAD_Data_Cahe_writeData_data11  W
Pad: PAD_Data_Cahe_writeData_data12  W
Pad: PAD_Data_Cahe_writeData_data13  W
Pad: PAD_Data_Cahe_writeData_data14  W
Pad: PAD_Data_Cahe_writeData_data15  W
Pad: PAD_Data_Cahe_writeData_data16  W
Pad: PAD_Data_Cahe_writeData_data17  W
Pad: PAD_Data_Cahe_writeData_data18  W
Pad: PAD_Data_Cahe_writeData_data19  W
Pad: PAD_Data_Cahe_writeData_data20  W
Pad: PAD_Data_Cahe_writeData_data21  W
Pad: PAD_Data_Cahe_writeData_data22  W
Pad: PAD_Data_Cahe_writeData_data23  W
Pad: PAD_Data_Cahe_writeData_data24  W
Pad: PAD_Data_Cahe_writeData_data25  W
Pad: PAD_Data_Cahe_writeData_data26  W
Pad: PAD_Data_Cahe_writeData_data27  W
Pad: PAD_Data_Cahe_writeData_data28  W
Pad: PAD_Data_Cahe_writeData_data29  W
Pad: PAD_Data_Cahe_writeData_data30  W
Pad: PAD_Data_Cahe_writeData_data31  W
Pad: PAD_Data_Cahe_writeData_data32  W
Pad: PAD_Data_Cahe_writeData_data33  W
Pad: PAD_Data_Cahe_writeData_data34  W
Pad: PAD_Data_Cahe_writeData_data35  W
Pad: PAD_Data_Cahe_writeData_data36  W
Pad: PAD_Data_Cahe_writeData_data37  W
Pad: PAD_Data_Cahe_writeData_data38  W
Pad: PAD_Data_Cahe_writeData_data39  W
Pad: PAD_Data_Cahe_writeData_data40  W
Pad: PAD_Data_Cahe_writeData_data41  W
Pad: PAD_Data_Cahe_writeData_data42  W
Pad: PAD_Data_Cahe_writeData_data43  W
Pad: PAD_Data_Cahe_writeData_data44  W
Pad: PAD_Data_Cahe_writeData_data45  W
Pad: PAD_Data_Cahe_writeData_data46  W
Pad: PAD_Data_Cahe_writeData_data47  W
Pad: PAD_Data_Cahe_writeData_data48  W
Pad: PAD_Data_Cahe_writeData_data49  W
Pad: PAD_Data_Cahe_writeData_data50  W
Pad: PAD_Data_Cahe_writeData_data51  W
Pad: PAD_Data_Cahe_writeData_data52  W
Pad: PAD_Data_Cahe_writeData_data53  W
Pad: PAD_Data_Cahe_writeData_data54  W
Pad: PAD_Data_Cahe_writeData_data55  W
Pad: PAD_Data_Cahe_writeData_data56  W
Pad: PAD_Data_Cahe_writeData_data57  W
Pad: PAD_Data_Cahe_writeData_data58  W
Pad: PAD_Data_Cahe_writeData_data59  W
Pad: PAD_Data_Cahe_writeData_data60  W
Pad: PAD_Data_Cahe_writeData_data61  W
Pad: PAD_Data_Cahe_writeData_data62  W
Pad: PAD_Data_Cahe_writeData_data63  W
Pad: PAD_Data_Cahe_writeData_data64  W
Pad: PAD_Data_Cahe_writeData_data65  W
Pad: PAD_Data_Cahe_writeData_data66  W
Pad: PAD_Data_Cahe_writeData_data67  W
Pad: PAD_Data_Cahe_writeData_data68  W
Pad: PAD_Data_Cahe_writeData_data69  W
Pad: PAD_Data_Cahe_writeData_data70  W
Pad: PAD_Data_Cahe_writeData_data71  W
Pad: PAD_Data_Cahe_writeData_data72  W
Pad: PAD_Data_Cahe_writeData_data73  W
Pad: PAD_Data_Cahe_writeData_data74  W
Pad: PAD_Data_Cahe_writeData_data75  W
Pad: PAD_Data_Cahe_writeData_data76  W
Pad: PAD_Data_Cahe_writeData_data77  W
Pad: PAD_Data_Cahe_writeData_data78  W
Pad: PAD_Data_Cahe_writeData_data79  W
Pad: PAD_Data_Cahe_writeData_data80  W
Pad: PAD_Data_Cahe_writeData_data81  W
Pad: PAD_Data_Cahe_writeData_data82  W
Pad: PAD_Data_Cahe_writeData_data83  W
Pad: PAD_Data_Cahe_writeData_data84  W
Pad: PAD_Data_Cahe_writeData_data85  W
Pad: PAD_Data_Cahe_writeData_data86  W
Pad: PAD_Data_Cahe_writeData_data87  W
Pad: PAD_Data_Cahe_writeData_data88  W
Pad: PAD_Data_Cahe_writeData_data89  W
Pad: PAD_Data_Cahe_writeData_data90  W
Pad: PAD_Data_Cahe_writeData_data91  W
Pad: PAD_Data_Cahe_writeData_data92  W
Pad: PAD_Data_Cahe_writeData_data93  W
Pad: PAD_Data_Cahe_writeData_data94  W
Pad: PAD_Data_Cahe_writeData_data95  W
Pad: PAD_Data_Cahe_writeData_data96  W
Pad: PAD_Data_Cahe_writeData_data97  W
Pad: PAD_Data_Cahe_writeData_data98  W
Pad: PAD_Data_Cahe_writeData_data99  W
Pad: PAD_Data_Cahe_writeData_data100 W
Pad: PAD_Data_Cahe_writeData_data101 W
Pad: PAD_Data_Cahe_writeData_data102 W
Pad: PAD_Data_Cahe_writeData_data103 W
Pad: PAD_Data_Cahe_writeData_data104 W
Pad: PAD_Data_Cahe_writeData_data105 W
Pad: PAD_Data_Cahe_writeData_data106 W
Pad: PAD_Data_Cahe_writeData_data107 W
Pad: PAD_Data_Cahe_writeData_data108 W
Pad: PAD_Data_Cahe_writeData_data109 W
Pad: PAD_Data_Cahe_writeData_data110 W
Pad: PAD_Data_Cahe_writeData_data111 W
Pad: PAD_Data_Cahe_writeData_data112 W
Pad: PAD_Data_Cahe_writeData_data113 W
Pad: PAD_Data_Cahe_writeData_data114 W
Pad: PAD_Data_Cahe_writeData_data115 W
Pad: PAD_Data_Cahe_writeData_data116 W
Pad: PAD_Data_Cahe_writeData_data117 W
Pad: PAD_Data_Cahe_writeData_data118 W
Pad: PAD_Data_Cahe_writeData_data119 W
Pad: PAD_Data_Cahe_writeData_data120 W
Pad: PAD_Data_Cahe_writeData_data121 W
Pad: PAD_Data_Cahe_writeData_data122 W
Pad: PAD_Data_Cahe_writeData_data123 W
Pad: PAD_Data_Cahe_writeData_data124 W
Pad: PAD_Data_Cahe_writeData_data125 W
Pad: PAD_Data_Cahe_writeData_data126 W
Pad: PAD_Data_Cahe_writeData_data127 W
Pad: PAD_Data_Cahe_writeData_strb0   W
Pad: PAD_Data_Cahe_writeData_strb1   W
Pad: PAD_Data_Cahe_writeData_strb2   W
Pad: PAD_Data_Cahe_writeData_strb3   W
Pad: PAD_Data_Cahe_writeData_strb4   W
Pad: PAD_Data_Cahe_writeData_strb5   W
Pad: PAD_Data_Cahe_writeData_strb6   W
Pad: PAD_Data_Cahe_writeData_strb7   W
Pad: PAD_Data_Cahe_writeData_strb8   W
Pad: PAD_Data_Cahe_writeData_strb9   W
Pad: PAD_Data_Cahe_writeData_strb10  W
Pad: PAD_Data_Cahe_writeData_strb11  W
Pad: PAD_Data_Cahe_writeData_strb12  W
Pad: PAD_Data_Cahe_writeData_strb13  W
Pad: PAD_Data_Cahe_writeData_strb14  W
Pad: PAD_Data_Cahe_writeData_strb15  W
Pad: PAD_Data_Cahe_writeData_valid   W
Pad: PAD_Data_Cahe_writeResp_ready   W
Pad: PAD_COREVSS4                    W  PVSS1DGZ
Pad: PAD_IOVSS4                      W  PVSS2DGZ